
Microsoft Visual Studio Solution File, Format Version 12.00
# Visual Studio 15
VisualStudioVersion = 15.0.28307.960
MinimumVisualStudioVersion = 10.0.40219.1
Project("{8BC9CEB8-8B4A-11D0-8D11-00A0C91BC942}") = "Pong Lab 1", "Pong Lab 1\Pong Lab 1.vcxproj", "{D10B6274-DC10-4F8C-A550-E8A531284176}"
EndProject
Global
	GlobalSection(SolutionConfigurationPlatforms) = preSolution
		Debug|x64 = Debug|x64
		Debug|x86 = Debug|x86
		Release|x64 = Release|x64
		Release|x86 = Release|x86
	EndGlobalSection
	GlobalSection(ProjectConfigurationPlatforms) = postSolution
		{D10B6274-DC10-4F8C-A550-E8A531284176}.Debug|x64.ActiveCfg = Debug|x64
		{D10B6274-DC10-4F8C-A550-E8A531284176}.Debug|x64.Build.0 = Debug|x64
		{D10B6274-DC10-4F8C-A550-E8A531284176}.Debug|x86.ActiveCfg = Debug|Win32
		{D10B6274-DC10-4F8C-A550-E8A531284176}.Debug|x86.Build.0 = Debug|Win32
		{D10B6274-DC10-4F8C-A550-E8A531284176}.Release|x64.ActiveCfg = Release|x64
		{D10B6274-DC10-4F8C-A550-E8A531284176}.Release|x64.Build.0 = Release|x64
		{D10B6274-DC10-4F8C-A550-E8A531284176}.Release|x86.ActiveCfg = Release|Win32
		{D10B6274-DC10-4F8C-A550-E8A531284176}.Release|x86.Build.0 = Release|Win32
	EndGlobalSection
	GlobalSection(SolutionProperties) = preSolution
		HideSolutionNode = FALSE
	EndGlobalSection
	GlobalSection(ExtensibilityGlobals) = postSolution
		SolutionGuid = {C83A3CBD-C7B3-4BC6-A618-8282489B0E64}
	EndGlobalSection
EndGlobal
